// !$*UTF8*$!
{
	archiveVersion = 1;
	classes = {
	};
	objectVersion = 46;
	objects = {

/* Begin PBXBuildFile section */
		8425AF5F194C3E7800E8CCF3 /* Foundation.framework in Frameworks */ = {isa = PBXBuildFile; fileRef = 8425AF5E194C3E7800E8CCF3 /* Foundation.framework */; };
		8425AF61194C3E7800E8CCF3 /* CoreGraphics.framework in Frameworks */ = {isa = PBXBuildFile; fileRef = 8425AF60194C3E7800E8CCF3 /* CoreGraphics.framework */; };
		8425AF63194C3E7800E8CCF3 /* UIKit.framework in Frameworks */ = {isa = PBXBuildFile; fileRef = 8425AF62194C3E7800E8CCF3 /* UIKit.framework */; };
		8425AF69194C3E7800E8CCF3 /* InfoPlist.strings in Resources */ = {isa = PBXBuildFile; fileRef = 8425AF67194C3E7800E8CCF3 /* InfoPlist.strings */; };
		8425AF6B194C3E7800E8CCF3 /* main.m in Sources */ = {isa = PBXBuildFile; fileRef = 8425AF6A194C3E7800E8CCF3 /* main.m */; };
		8425AF6F194C3E7800E8CCF3 /* AppDelegate.m in Sources */ = {isa = PBXBuildFile; fileRef = 8425AF6E194C3E7800E8CCF3 /* AppDelegate.m */; };
		8425AF71194C3E7800E8CCF3 /* Images.xcassets in Resources */ = {isa = PBXBuildFile; fileRef = 8425AF70194C3E7800E8CCF3 /* Images.xcassets */; };
		8425AF78194C3E7800E8CCF3 /* XCTest.framework in Frameworks */ = {isa = PBXBuildFile; fileRef = 8425AF77194C3E7800E8CCF3 /* XCTest.framework */; };
		8425AF79194C3E7800E8CCF3 /* Foundation.framework in Frameworks */ = {isa = PBXBuildFile; fileRef = 8425AF5E194C3E7800E8CCF3 /* Foundation.framework */; };
		8425AF7A194C3E7800E8CCF3 /* UIKit.framework in Frameworks */ = {isa = PBXBuildFile; fileRef = 8425AF62194C3E7800E8CCF3 /* UIKit.framework */; };
		8425AF82194C3E7800E8CCF3 /* InfoPlist.strings in Resources */ = {isa = PBXBuildFile; fileRef = 8425AF80194C3E7800E8CCF3 /* InfoPlist.strings */; };
		8425AF84194C3E7800E8CCF3 /* PartyAppTests.m in Sources */ = {isa = PBXBuildFile; fileRef = 8425AF83194C3E7800E8CCF3 /* PartyAppTests.m */; };
/* End PBXBuildFile section */

/* Begin PBXContainerItemProxy section */
		8425AF7B194C3E7800E8CCF3 /* PBXContainerItemProxy */ = {
			isa = PBXContainerItemProxy;
			containerPortal = 8425AF53194C3E7800E8CCF3 /* Project object */;
			proxyType = 1;
			remoteGlobalIDString = 8425AF5A194C3E7800E8CCF3;
			remoteInfo = PartyApp;
		};
/* End PBXContainerItemProxy section */

/* Begin PBXFileReference section */
		8425AF5B194C3E7800E8CCF3 /* PartyApp.app */ = {isa = PBXFileReference; explicitFileType = wrapper.application; includeInIndex = 0; path = PartyApp.app; sourceTree = BUILT_PRODUCTS_DIR; };
		8425AF5E194C3E7800E8CCF3 /* Foundation.framework */ = {isa = PBXFileReference; lastKnownFileType = wrapper.framework; name = Foundation.framework; path = System/Library/Frameworks/Foundation.framework; sourceTree = SDKROOT; };
		8425AF60194C3E7800E8CCF3 /* CoreGraphics.framework */ = {isa = PBXFileReference; lastKnownFileType = wrapper.framework; name = CoreGraphics.framework; path = System/Library/Frameworks/CoreGraphics.framework; sourceTree = SDKROOT; };
		8425AF62194C3E7800E8CCF3 /* UIKit.framework */ = {isa = PBXFileReference; lastKnownFileType = wrapper.framework; name = UIKit.framework; path = System/Library/Frameworks/UIKit.framework; sourceTree = SDKROOT; };
		8425AF66194C3E7800E8CCF3 /* PartyApp-Info.plist */ = {isa = PBXFileReference; lastKnownFileType = text.plist.xml; path = "PartyApp-Info.plist"; sourceTree = "<group>"; };
		8425AF68194C3E7800E8CCF3 /* en */ = {isa = PBXFileReference; lastKnownFileType = text.plist.strings; name = en; path = en.lproj/InfoPlist.strings; sourceTree = "<group>"; };
		8425AF6A194C3E7800E8CCF3 /* main.m */ = {isa = PBXFileReference; lastKnownFileType = sourcecode.c.objc; path = main.m; sourceTree = "<group>"; };
		8425AF6C194C3E7800E8CCF3 /* PartyApp-Prefix.pch */ = {isa = PBXFileReference; lastKnownFileType = sourcecode.c.h; path = "PartyApp-Prefix.pch"; sourceTree = "<group>"; };
		8425AF6D194C3E7800E8CCF3 /* AppDelegate.h */ = {isa = PBXFileReference; lastKnownFileType = sourcecode.c.h; path = AppDelegate.h; sourceTree = "<group>"; };
		8425AF6E194C3E7800E8CCF3 /* AppDelegate.m */ = {isa = PBXFileReference; lastKnownFileType = sourcecode.c.objc; path = AppDelegate.m; sourceTree = "<group>"; };
		8425AF70194C3E7800E8CCF3 /* Images.xcassets */ = {isa = PBXFileReference; lastKnownFileType = folder.assetcatalog; path = Images.xcassets; sourceTree = "<group>"; };
		8425AF76194C3E7800E8CCF3 /* PartyAppTests.xctest */ = {isa = PBXFileReference; explicitFileType = wrapper.cfbundle; includeInIndex = 0; path = PartyAppTests.xctest; sourceTree = BUILT_PRODUCTS_DIR; };
		8425AF77194C3E7800E8CCF3 /* XCTest.framework */ = {isa = PBXFileReference; lastKnownFileType = wrapper.framework; name = XCTest.framework; path = Library/Frameworks/XCTest.framework; sourceTree = DEVELOPER_DIR; };
		8425AF7F194C3E7800E8CCF3 /* PartyAppTests-Info.plist */ = {isa = PBXFileReference; lastKnownFileType = text.plist.xml; path = "PartyAppTests-Info.plist"; sourceTree = "<group>"; };
		8425AF81194C3E7800E8CCF3 /* en */ = {isa = PBXFileReference; lastKnownFileType = text.plist.strings; name = en; path = en.lproj/InfoPlist.strings; sourceTree = "<group>"; };
		8425AF83194C3E7800E8CCF3 /* PartyAppTests.m */ = {isa = PBXFileReference; lastKnownFileType = sourcecode.c.objc; path = PartyAppTests.m; sourceTree = "<group>"; };
/* End PBXFileReference section */

/* Begin PBXFrameworksBuildPhase section */
		8425AF58194C3E7800E8CCF3 /* Frameworks */ = {
			isa = PBXFrameworksBuildPhase;
			buildActionMask = 2147483647;
			files = (
				8425AF61194C3E7800E8CCF3 /* CoreGraphics.framework in Frameworks */,
				8425AF63194C3E7800E8CCF3 /* UIKit.framework in Frameworks */,
				8425AF5F194C3E7800E8CCF3 /* Foundation.framework in Frameworks */,
			);
			runOnlyForDeploymentPostprocessing = 0;
		};
		8425AF73194C3E7800E8CCF3 /* Frameworks */ = {
			isa = PBXFrameworksBuildPhase;
			buildActionMask = 2147483647;
			files = (
				8425AF78194C3E7800E8CCF3 /* XCTest.framework in Frameworks */,
				8425AF7A194C3E7800E8CCF3 /* UIKit.framework in Frameworks */,
				8425AF79194C3E7800E8CCF3 /* Foundation.framework in Frameworks */,
			);
			runOnlyForDeploymentPostprocessing = 0;
		};
/* End PBXFrameworksBuildPhase section */

/* Begin PBXGroup section */
		8425AF52194C3E7800E8CCF3 = {
			isa = PBXGroup;
			children = (
				8425AF64194C3E7800E8CCF3 /* PartyApp */,
				8425AF7D194C3E7800E8CCF3 /* PartyAppTests */,
				8425AF5D194C3E7800E8CCF3 /* Frameworks */,
				8425AF5C194C3E7800E8CCF3 /* Products */,
			);
			sourceTree = "<group>";
		};
		8425AF5C194C3E7800E8CCF3 /* Products */ = {
			isa = PBXGroup;
			children = (
				8425AF5B194C3E7800E8CCF3 /* PartyApp.app */,
				8425AF76194C3E7800E8CCF3 /* PartyAppTests.xctest */,
			);
			name = Products;
			sourceTree = "<group>";
		};
		8425AF5D194C3E7800E8CCF3 /* Frameworks */ = {
			isa = PBXGroup;
			children = (
				8425AF5E194C3E7800E8CCF3 /* Foundation.framework */,
				8425AF60194C3E7800E8CCF3 /* CoreGraphics.framework */,
				8425AF62194C3E7800E8CCF3 /* UIKit.framework */,
				8425AF77194C3E7800E8CCF3 /* XCTest.framework */,
			);
			name = Frameworks;
			sourceTree = "<group>";
		};
		8425AF64194C3E7800E8CCF3 /* PartyApp */ = {
			isa = PBXGroup;
			children = (
				8425AF6D194C3E7800E8CCF3 /* AppDelegate.h */,
				8425AF6E194C3E7800E8CCF3 /* AppDelegate.m */,
				8425AF70194C3E7800E8CCF3 /* Images.xcassets */,
				8425AF65194C3E7800E8CCF3 /* Supporting Files */,
			);
			path = PartyApp;
			sourceTree = "<group>";
		};
		8425AF65194C3E7800E8CCF3 /* Supporting Files */ = {
			isa = PBXGroup;
			children = (
				8425AF66194C3E7800E8CCF3 /* PartyApp-Info.plist */,
				8425AF67194C3E7800E8CCF3 /* InfoPlist.strings */,
				8425AF6A194C3E7800E8CCF3 /* main.m */,
				8425AF6C194C3E7800E8CCF3 /* PartyApp-Prefix.pch */,
			);
			name = "Supporting Files";
			sourceTree = "<group>";
		};
		8425AF7D194C3E7800E8CCF3 /* PartyAppTests */ = {
			isa = PBXGroup;
			children = (
				8425AF83194C3E7800E8CCF3 /* PartyAppTests.m */,
				8425AF7E194C3E7800E8CCF3 /* Supporting Files */,
			);
			path = PartyAppTests;
			sourceTree = "<group>";
		};
		8425AF7E194C3E7800E8CCF3 /* Supporting Files */ = {
			isa = PBXGroup;
			children = (
				8425AF7F194C3E7800E8CCF3 /* PartyAppTests-Info.plist */,
				8425AF80194C3E7800E8CCF3 /* InfoPlist.strings */,
			);
			name = "Supporting Files";
			sourceTree = "<group>";
		};
/* End PBXGroup section */

/* Begin PBXNativeTarget section */
		8425AF5A194C3E7800E8CCF3 /* PartyApp */ = {
			isa = PBXNativeTarget;
			buildConfigurationList = 8425AF87194C3E7800E8CCF3 /* Build configuration list for PBXNativeTarget "PartyApp" */;
			buildPhases = (
				8425AF57194C3E7800E8CCF3 /* Sources */,
				8425AF58194C3E7800E8CCF3 /* Frameworks */,
				8425AF59194C3E7800E8CCF3 /* Resources */,
			);
			buildRules = (
			);
			dependencies = (
			);
			name = PartyApp;
			productName = PartyApp;
			productReference = 8425AF5B194C3E7800E8CCF3 /* PartyApp.app */;
			productType = "com.apple.product-type.application";
		};
		8425AF75194C3E7800E8CCF3 /* PartyAppTests */ = {
			isa = PBXNativeTarget;
			buildConfigurationList = 8425AF8A194C3E7800E8CCF3 /* Build configuration list for PBXNativeTarget "PartyAppTests" */;
			buildPhases = (
				8425AF72194C3E7800E8CCF3 /* Sources */,
				8425AF73194C3E7800E8CCF3 /* Frameworks */,
				8425AF74194C3E7800E8CCF3 /* Resources */,
			);
			buildRules = (
			);
			dependencies = (
				8425AF7C194C3E7800E8CCF3 /* PBXTargetDependency */,
			);
			name = PartyAppTests;
			productName = PartyAppTests;
			productReference = 8425AF76194C3E7800E8CCF3 /* PartyAppTests.xctest */;
			productType = "com.apple.product-type.bundle.unit-test";
		};
/* End PBXNativeTarget section */

/* Begin PBXProject section */
		8425AF53194C3E7800E8CCF3 /* Project object */ = {
			isa = PBXProject;
			attributes = {
				LastUpgradeCheck = 0500;
				ORGANIZATIONNAME = WebFactory;
				TargetAttributes = {
					8425AF75194C3E7800E8CCF3 = {
						TestTargetID = 8425AF5A194C3E7800E8CCF3;
					};
				};
			};
			buildConfigurationList = 8425AF56194C3E7800E8CCF3 /* Build configuration list for PBXProject "PartyApp" */;
			compatibilityVersion = "Xcode 3.2";
			developmentRegion = English;
			hasScannedForEncodings = 0;
			knownRegions = (
				en,
			);
			mainGroup = 8425AF52194C3E7800E8CCF3;
			productRefGroup = 8425AF5C194C3E7800E8CCF3 /* Products */;
			projectDirPath = "";
			projectRoot = "";
			targets = (
				8425AF5A194C3E7800E8CCF3 /* PartyApp */,
				8425AF75194C3E7800E8CCF3 /* PartyAppTests */,
			);
		};
/* End PBXProject section */

/* Begin PBXResourcesBuildPhase section */
		8425AF59194C3E7800E8CCF3 /* Resources */ = {
			isa = PBXResourcesBuildPhase;
			buildActionMask = 2147483647;
			files = (
				8425AF69194C3E7800E8CCF3 /* InfoPlist.strings in Resources */,
				8425AF71194C3E7800E8CCF3 /* Images.xcassets in Resources */,
			);
			runOnlyForDeploymentPostprocessing = 0;
		};
		8425AF74194C3E7800E8CCF3 /* Resources */ = {
			isa = PBXResourcesBuildPhase;
			buildActionMask = 2147483647;
			files = (
				8425AF82194C3E7800E8CCF3 /* InfoPlist.strings in Resources */,
			);
			runOnlyForDeploymentPostprocessing = 0;
		};
/* End PBXResourcesBuildPhase section */

/* Begin PBXSourcesBuildPhase section */
		8425AF57194C3E7800E8CCF3 /* Sources */ = {
			isa = PBXSourcesBuildPhase;
			buildActionMask = 2147483647;
			files = (
				8425AF6F194C3E7800E8CCF3 /* AppDelegate.m in Sources */,
				8425AF6B194C3E7800E8CCF3 /* main.m in Sources */,
			);
			runOnlyForDeploymentPostprocessing = 0;
		};
		8425AF72194C3E7800E8CCF3 /* Sources */ = {
			isa = PBXSourcesBuildPhase;
			buildActionMask = 2147483647;
			files = (
				8425AF84194C3E7800E8CCF3 /* PartyAppTests.m in Sources */,
			);
			runOnlyForDeploymentPostprocessing = 0;
		};
/* End PBXSourcesBuildPhase section */

/* Begin PBXTargetDependency section */
		8425AF7C194C3E7800E8CCF3 /* PBXTargetDependency */ = {
			isa = PBXTargetDependency;
			target = 8425AF5A194C3E7800E8CCF3 /* PartyApp */;
			targetProxy = 8425AF7B194C3E7800E8CCF3 /* PBXContainerItemProxy */;
		};
/* End PBXTargetDependency section */

/* Begin PBXVariantGroup section */
		8425AF67194C3E7800E8CCF3 /* InfoPlist.strings */ = {
			isa = PBXVariantGroup;
			children = (
				8425AF68194C3E7800E8CCF3 /* en */,
			);
			name = InfoPlist.strings;
			sourceTree = "<group>";
		};
		8425AF80194C3E7800E8CCF3 /* InfoPlist.strings */ = {
			isa = PBXVariantGroup;
			children = (
				8425AF81194C3E7800E8CCF3 /* en */,
			);
			name = InfoPlist.strings;
			sourceTree = "<group>";
		};
/* End PBXVariantGroup section */

/* Begin XCBuildConfiguration section */
		8425AF85194C3E7800E8CCF3 /* Debug */ = {
			isa = XCBuildConfiguration;
			buildSettings = {
				ALWAYS_SEARCH_USER_PATHS = NO;
				ARCHS = "$(ARCHS_STANDARD_INCLUDING_64_BIT)";
				CLANG_CXX_LANGUAGE_STANDARD = "gnu++0x";
				CLANG_CXX_LIBRARY = "libc++";
				CLANG_ENABLE_MODULES = YES;
				CLANG_ENABLE_OBJC_ARC = YES;
				CLANG_WARN_BOOL_CONVERSION = YES;
				CLANG_WARN_CONSTANT_CONVERSION = YES;
				CLANG_WARN_DIRECT_OBJC_ISA_USAGE = YES_ERROR;
				CLANG_WARN_EMPTY_BODY = YES;
				CLANG_WARN_ENUM_CONVERSION = YES;
				CLANG_WARN_INT_CONVERSION = YES;
				CLANG_WARN_OBJC_ROOT_CLASS = YES_ERROR;
				CLANG_WARN__DUPLICATE_METHOD_MATCH = YES;
				"CODE_SIGN_IDENTITY[sdk=iphoneos*]" = "iPhone Developer";
				COPY_PHASE_STRIP = NO;
				GCC_C_LANGUAGE_STANDARD = gnu99;
				GCC_DYNAMIC_NO_PIC = NO;
				GCC_OPTIMIZATION_LEVEL = 0;
				GCC_PREPROCESSOR_DEFINITIONS = (
					"DEBUG=1",
					"$(inherited)",
				);
				GCC_SYMBOLS_PRIVATE_EXTERN = NO;
				GCC_WARN_64_TO_32_BIT_CONVERSION = YES;
				GCC_WARN_ABOUT_RETURN_TYPE = YES_ERROR;
				GCC_WARN_UNDECLARED_SELECTOR = YES;
				GCC_WARN_UNINITIALIZED_AUTOS = YES;
				GCC_WARN_UNUSED_FUNCTION = YES;
				GCC_WARN_UNUSED_VARIABLE = YES;
				IPHONEOS_DEPLOYMENT_TARGET = 7.0;
				ONLY_ACTIVE_ARCH = YES;
				SDKROOT = iphoneos;
			};
			name = Debug;
		};
		8425AF86194C3E7800E8CCF3 /* Release */ = {
			isa = XCBuildConfiguration;
			buildSettings = {
				ALWAYS_SEARCH_USER_PATHS = NO;
				ARCHS = "$(ARCHS_STANDARD_INCLUDING_64_BIT)";
				CLANG_CXX_LANGUAGE_STANDARD = "gnu++0x";
				CLANG_CXX_LIBRARY = "libc++";
				CLANG_ENABLE_MODULES = YES;
				CLANG_ENABLE_OBJC_ARC = YES;
				CLANG_WARN_BOOL_CONVERSION = YES;
				CLANG_WARN_CONSTANT_CONVERSION = YES;
				CLANG_WARN_DIRECT_OBJC_ISA_USAGE = YES_ERROR;
				CLANG_WARN_EMPTY_BODY = YES;
				CLANG_WARN_ENUM_CONVERSION = YES;
				CLANG_WARN_INT_CONVERSION = YES;
				CLANG_WARN_OBJC_ROOT_CLASS = YES_ERROR;
				CLANG_WARN__DUPLICATE_METHOD_MATCH = YES;
				"CODE_SIGN_IDENTITY[sdk=iphoneos*]" = "iPhone Developer";
				COPY_PHASE_STRIP = YES;
				ENABLE_NS_ASSERTIONS = NO;
				GCC_C_LANGUAGE_STANDARD = gnu99;
				GCC_WARN_64_TO_32_BIT_CONVERSION = YES;
				GCC_WARN_ABOUT_RETURN_TYPE = YES_ERROR;
				GCC_WARN_UNDECLARED_SELECTOR = YES;
				GCC_WARN_UNINITIALIZED_AUTOS = YES;
				GCC_WARN_UNUSED_FUNCTION = YES;
				GCC_WARN_UNUSED_VARIABLE = YES;
				IPHONEOS_DEPLOYMENT_TARGET = 7.0;
				SDKROOT = iphoneos;
				VALIDATE_PRODUCT = YES;
			};
			name = Release;
		};
		8425AF88194C3E7800E8CCF3 /* Debug */ = {
			isa = XCBuildConfiguration;
			buildSettings = {
				ASSETCATALOG_COMPILER_APPICON_NAME = AppIcon;
				ASSETCATALOG_COMPILER_LAUNCHIMAGE_NAME = LaunchImage;
				GCC_PRECOMPILE_PREFIX_HEADER = YES;
				GCC_PREFIX_HEADER = "PartyApp/PartyApp-Prefix.pch";
				INFOPLIST_FILE = "PartyApp/PartyApp-Info.plist";
				PRODUCT_NAME = "$(TARGET_NAME)";
				WRAPPER_EXTENSION = app;
			};
			name = Debug;
		};
		8425AF89194C3E7800E8CCF3 /* Release */ = {
			isa = XCBuildConfiguration;
			buildSettings = {
				ASSETCATALOG_COMPILER_APPICON_NAME = AppIcon;
				ASSETCATALOG_COMPILER_LAUNCHIMAGE_NAME = LaunchImage;
				GCC_PRECOMPILE_PREFIX_HEADER = YES;
				GCC_PREFIX_HEADER = "PartyApp/PartyApp-Prefix.pch";
				INFOPLIST_FILE = "PartyApp/PartyApp-Info.plist";
				PRODUCT_NAME = "$(TARGET_NAME)";
				WRAPPER_EXTENSION = app;
			};
			name = Release;
		};
		8425AF8B194C3E7800E8CCF3 /* Debug */ = {
			isa = XCBuildConfiguration;
			buildSettings = {
				ARCHS = "$(ARCHS_STANDARD_INCLUDING_64_BIT)";
				BUNDLE_LOADER = "$(BUILT_PRODUCTS_DIR)/PartyApp.app/PartyApp";
				FRAMEWORK_SEARCH_PATHS = (
					"$(SDKROOT)/Developer/Library/Frameworks",
					"$(inherited)",
					"$(DEVELOPER_FRAMEWORKS_DIR)",
				);
				GCC_PRECOMPILE_PREFIX_HEADER = YES;
				GCC_PREFIX_HEADER = "PartyApp/PartyApp-Prefix.pch";
				GCC_PREPROCESSOR_DEFINITIONS = (
					"DEBUG=1",
					"$(inherited)",
				);
				INFOPLIST_FILE = "PartyAppTests/PartyAppTests-Info.plist";
				PRODUCT_NAME = "$(TARGET_NAME)";
				TEST_HOST = "$(BUNDLE_LOADER)";
				WRAPPER_EXTENSION = xctest;
			};
			name = Debug;
		};
		8425AF8C194C3E7800E8CCF3 /* Release */ = {
			isa = XCBuildConfiguration;
			buildSettings = {
				ARCHS = "$(ARCHS_STANDARD_INCLUDING_64_BIT)";
				BUNDLE_LOADER = "$(BUILT_PRODUCTS_DIR)/PartyApp.app/PartyApp";
				FRAMEWORK_SEARCH_PATHS = (
					"$(SDKROOT)/Developer/Library/Frameworks",
					"$(inherited)",
					"$(DEVELOPER_FRAMEWORKS_DIR)",
				);
				GCC_PRECOMPILE_PREFIX_HEADER = YES;
				GCC_PREFIX_HEADER = "PartyApp/PartyApp-Prefix.pch";
				INFOPLIST_FILE = "PartyAppTests/PartyAppTests-Info.plist";
				PRODUCT_NAME = "$(TARGET_NAME)";
				TEST_HOST = "$(BUNDLE_LOADER)";
				WRAPPER_EXTENSION = xctest;
			};
			name = Release;
		};
/* End XCBuildConfiguration section */

/* Begin XCConfigurationList section */
		8425AF56194C3E7800E8CCF3 /* Build configuration list for PBXProject "PartyApp" */ = {
			isa = XCConfigurationList;
			buildConfigurations = (
				8425AF85194C3E7800E8CCF3 /* Debug */,
				8425AF86194C3E7800E8CCF3 /* Release */,
			);
			defaultConfigurationIsVisible = 0;
			defaultConfigurationName = Release;
		};
		8425AF87194C3E7800E8CCF3 /* Build configuration list for PBXNativeTarget "PartyApp" */ = {
			isa = XCConfigurationList;
			buildConfigurations = (
				8425AF88194C3E7800E8CCF3 /* Debug */,
				8425AF89194C3E7800E8CCF3 /* Release */,
			);
			defaultConfigurationIsVisible = 0;
		};
		8425AF8A194C3E7800E8CCF3 /* Build configuration list for PBXNativeTarget "PartyAppTests" */ = {
			isa = XCConfigurationList;
			buildConfigurations = (
				8425AF8B194C3E7800E8CCF3 /* Debug */,
				8425AF8C194C3E7800E8CCF3 /* Release */,
			);
			defaultConfigurationIsVisible = 0;
		};
/* End XCConfigurationList section */
	};
	rootObject = 8425AF53194C3E7800E8CCF3 /* Project object */;
}
